// !$*UTF8*$!
{
	archiveVersion = 1;
	classes = {
	};
	objectVersion = 46;
	objects = {

/* Begin PBXBuildFile section */
		CB37573618586D5500DCCC79 /* validator_schema.json in Resources */ = {isa = PBXBuildFile; fileRef = CB37573518586D5500DCCC79 /* validator_schema.json */; };
		CB37573718586D5500DCCC79 /* validator_schema.json in Resources */ = {isa = PBXBuildFile; fileRef = CB37573518586D5500DCCC79 /* validator_schema.json */; };
		CB5B7B2E184F6F370012684D /* TFJSONSchemaValidatorObjectTests.m in Sources */ = {isa = PBXBuildFile; fileRef = CB5B7B2D184F6F370012684D /* TFJSONSchemaValidatorObjectTests.m */; };
		CB5B7B33184F71EC0012684D /* TFJSONSchemaValidatorStringTests.schema.json in Resources */ = {isa = PBXBuildFile; fileRef = CB5B7B32184F71EC0012684D /* TFJSONSchemaValidatorStringTests.schema.json */; };
		CB5B7B35184F740C0012684D /* TFJSONSchemaValidatorObjectTests.schema.json in Resources */ = {isa = PBXBuildFile; fileRef = CB5B7B34184F740C0012684D /* TFJSONSchemaValidatorObjectTests.schema.json */; };
		CB5B7B37184F7A590012684D /* TFJSONSchemaValidatorNumbericTests.m in Sources */ = {isa = PBXBuildFile; fileRef = CB5B7B36184F7A590012684D /* TFJSONSchemaValidatorNumbericTests.m */; };
		CB5B7B39184F7AAB0012684D /* TFJSONSchemaValidatorNumberTests.schema.json in Resources */ = {isa = PBXBuildFile; fileRef = CB5B7B38184F7AAB0012684D /* TFJSONSchemaValidatorNumberTests.schema.json */; };
		CB80BE5518584775005562A8 /* TFJSONSchemaValidatorSetsTests.m in Sources */ = {isa = PBXBuildFile; fileRef = CB80BE5418584775005562A8 /* TFJSONSchemaValidatorSetsTests.m */; };
		CB80BE57185847C8005562A8 /* TFJSONSchemaValidatorSetsTests.schema.json in Resources */ = {isa = PBXBuildFile; fileRef = CB80BE56185847C8005562A8 /* TFJSONSchemaValidatorSetsTests.schema.json */; };
		CBA089761855D38B00FF9DC4 /* TFJSONSchemaValidatorDefinitionsBundleTests.schema.json in Resources */ = {isa = PBXBuildFile; fileRef = CBA089751855D38B00FF9DC4 /* TFJSONSchemaValidatorDefinitionsBundleTests.schema.json */; };
		CBBECE61185878990099C65F /* TFJSONSchemaValidatorCoreInvalidSchema.schema.json in Resources */ = {isa = PBXBuildFile; fileRef = CBBECE60185878990099C65F /* TFJSONSchemaValidatorCoreInvalidSchema.schema.json */; };
		CBBECE6318587AFD0099C65F /* TFJSONSchemaValidatorCoreInvalidSchemaData.json in Resources */ = {isa = PBXBuildFile; fileRef = CBBECE6218587AFD0099C65F /* TFJSONSchemaValidatorCoreInvalidSchemaData.json */; };
		CBC01BE61857298A009DB9A3 /* TFJSONSchemaValidatorUseCaseTests.m in Sources */ = {isa = PBXBuildFile; fileRef = CBC01BE51857298A009DB9A3 /* TFJSONSchemaValidatorUseCaseTests.m */; };
		CBC01BE8185729EC009DB9A3 /* testDefinitionsWithTypesFailSchema.schema.json in Resources */ = {isa = PBXBuildFile; fileRef = CBC01BE7185729EC009DB9A3 /* testDefinitionsWithTypesFailSchema.schema.json */; };
		CBC01BEA18572ABD009DB9A3 /* testDefinitionsWithTypesFailData.json in Resources */ = {isa = PBXBuildFile; fileRef = CBC01BE918572ABD009DB9A3 /* testDefinitionsWithTypesFailData.json */; };
		CBC15EA2184F349D00638B84 /* Foundation.framework in Frameworks */ = {isa = PBXBuildFile; fileRef = CBC15EA1184F349D00638B84 /* Foundation.framework */; };
		CBC15EA4184F349D00638B84 /* CoreGraphics.framework in Frameworks */ = {isa = PBXBuildFile; fileRef = CBC15EA3184F349D00638B84 /* CoreGraphics.framework */; };
		CBC15EA6184F349D00638B84 /* UIKit.framework in Frameworks */ = {isa = PBXBuildFile; fileRef = CBC15EA5184F349D00638B84 /* UIKit.framework */; };
		CBC15EAC184F349D00638B84 /* InfoPlist.strings in Resources */ = {isa = PBXBuildFile; fileRef = CBC15EAA184F349D00638B84 /* InfoPlist.strings */; };
		CBC15EAE184F349D00638B84 /* main.m in Sources */ = {isa = PBXBuildFile; fileRef = CBC15EAD184F349D00638B84 /* main.m */; };
		CBC15EB2184F349D00638B84 /* TFAppDelegate.m in Sources */ = {isa = PBXBuildFile; fileRef = CBC15EB1184F349D00638B84 /* TFAppDelegate.m */; };
		CBC15EB4184F349D00638B84 /* Images.xcassets in Resources */ = {isa = PBXBuildFile; fileRef = CBC15EB3184F349D00638B84 /* Images.xcassets */; };
		CBC15EBB184F349D00638B84 /* XCTest.framework in Frameworks */ = {isa = PBXBuildFile; fileRef = CBC15EBA184F349D00638B84 /* XCTest.framework */; };
		CBC15EBC184F349D00638B84 /* Foundation.framework in Frameworks */ = {isa = PBXBuildFile; fileRef = CBC15EA1184F349D00638B84 /* Foundation.framework */; };
		CBC15EBD184F349D00638B84 /* UIKit.framework in Frameworks */ = {isa = PBXBuildFile; fileRef = CBC15EA5184F349D00638B84 /* UIKit.framework */; };
		CBC15EC5184F349D00638B84 /* InfoPlist.strings in Resources */ = {isa = PBXBuildFile; fileRef = CBC15EC3184F349D00638B84 /* InfoPlist.strings */; };
		CBC15ED3184F35AA00638B84 /* TFJSONSchemaValidator.m in Sources */ = {isa = PBXBuildFile; fileRef = CBC15ED2184F35AA00638B84 /* TFJSONSchemaValidator.m */; };
		CBC15ED4184F35AA00638B84 /* TFJSONSchemaValidator.m in Sources */ = {isa = PBXBuildFile; fileRef = CBC15ED2184F35AA00638B84 /* TFJSONSchemaValidator.m */; };
		CBC15ED9184F4AF300638B84 /* TFJSONSchemaValidatorCoreTests.m in Sources */ = {isa = PBXBuildFile; fileRef = CBC15ED8184F4AF300638B84 /* TFJSONSchemaValidatorCoreTests.m */; };
		CBC15EDB184F4D8000638B84 /* TFJSONSchemaValidatorStringTests.m in Sources */ = {isa = PBXBuildFile; fileRef = CBC15EDA184F4D8000638B84 /* TFJSONSchemaValidatorStringTests.m */; };
		CBCB191D1851D6EB00F6BB6D /* TFJSONSchemaValidatorDefinitionsTests.m in Sources */ = {isa = PBXBuildFile; fileRef = CBCB191C1851D6EB00F6BB6D /* TFJSONSchemaValidatorDefinitionsTests.m */; };
		CBCB191F1851DA4400F6BB6D /* TFJSONSchemaValidatorDefinitionsTests.schema.json in Resources */ = {isa = PBXBuildFile; fileRef = CBCB191E1851DA4400F6BB6D /* TFJSONSchemaValidatorDefinitionsTests.schema.json */; };
		CBCB19211851EDD400F6BB6D /* TFJSONSchemaValidatorAbstractTests.m in Sources */ = {isa = PBXBuildFile; fileRef = CBCB19201851EDD400F6BB6D /* TFJSONSchemaValidatorAbstractTests.m */; };
		CBE4E7EC1864398D00AE3B8E /* TFJSONSchemaValidatorCoreTests.schema.json in Resources */ = {isa = PBXBuildFile; fileRef = CBE4E7EB1864398D00AE3B8E /* TFJSONSchemaValidatorCoreTests.schema.json */; };
		CBFAB3B2185061CD00E5AD12 /* TFJSONSchemaValidatorArrayTests.m in Sources */ = {isa = PBXBuildFile; fileRef = CBFAB3B1185061CD00E5AD12 /* TFJSONSchemaValidatorArrayTests.m */; };
		CBFAB3B41850632E00E5AD12 /* TFJSONSchemaValidatorArrayTests.schema.json in Resources */ = {isa = PBXBuildFile; fileRef = CBFAB3B31850632E00E5AD12 /* TFJSONSchemaValidatorArrayTests.schema.json */; };
/* End PBXBuildFile section */

/* Begin PBXContainerItemProxy section */
		CBC15EBE184F349D00638B84 /* PBXContainerItemProxy */ = {
			isa = PBXContainerItemProxy;
			containerPortal = CBC15E96184F349D00638B84 /* Project object */;
			proxyType = 1;
			remoteGlobalIDString = CBC15E9D184F349D00638B84;
			remoteInfo = "json-schema-validator";
		};
/* End PBXContainerItemProxy section */

/* Begin PBXFileReference section */
		CB37573518586D5500DCCC79 /* validator_schema.json */ = {isa = PBXFileReference; fileEncoding = 4; lastKnownFileType = text.json; path = validator_schema.json; sourceTree = "<group>"; };
		CB5B7B2D184F6F370012684D /* TFJSONSchemaValidatorObjectTests.m */ = {isa = PBXFileReference; fileEncoding = 4; lastKnownFileType = sourcecode.c.objc; path = TFJSONSchemaValidatorObjectTests.m; sourceTree = "<group>"; };
		CB5B7B32184F71EC0012684D /* TFJSONSchemaValidatorStringTests.schema.json */ = {isa = PBXFileReference; fileEncoding = 4; lastKnownFileType = text.json; path = TFJSONSchemaValidatorStringTests.schema.json; sourceTree = "<group>"; };
		CB5B7B34184F740C0012684D /* TFJSONSchemaValidatorObjectTests.schema.json */ = {isa = PBXFileReference; fileEncoding = 4; lastKnownFileType = text.json; path = TFJSONSchemaValidatorObjectTests.schema.json; sourceTree = "<group>"; };
		CB5B7B36184F7A590012684D /* TFJSONSchemaValidatorNumbericTests.m */ = {isa = PBXFileReference; fileEncoding = 4; lastKnownFileType = sourcecode.c.objc; path = TFJSONSchemaValidatorNumbericTests.m; sourceTree = "<group>"; };
		CB5B7B38184F7AAB0012684D /* TFJSONSchemaValidatorNumberTests.schema.json */ = {isa = PBXFileReference; fileEncoding = 4; lastKnownFileType = text.json; path = TFJSONSchemaValidatorNumberTests.schema.json; sourceTree = "<group>"; };
		CB80BE5418584775005562A8 /* TFJSONSchemaValidatorSetsTests.m */ = {isa = PBXFileReference; fileEncoding = 4; lastKnownFileType = sourcecode.c.objc; path = TFJSONSchemaValidatorSetsTests.m; sourceTree = "<group>"; };
		CB80BE56185847C8005562A8 /* TFJSONSchemaValidatorSetsTests.schema.json */ = {isa = PBXFileReference; fileEncoding = 4; lastKnownFileType = text.json; path = TFJSONSchemaValidatorSetsTests.schema.json; sourceTree = "<group>"; };
		CBA089751855D38B00FF9DC4 /* TFJSONSchemaValidatorDefinitionsBundleTests.schema.json */ = {isa = PBXFileReference; fileEncoding = 4; lastKnownFileType = text.json; path = TFJSONSchemaValidatorDefinitionsBundleTests.schema.json; sourceTree = "<group>"; };
		CBBECE60185878990099C65F /* TFJSONSchemaValidatorCoreInvalidSchema.schema.json */ = {isa = PBXFileReference; fileEncoding = 4; lastKnownFileType = text.json; path = TFJSONSchemaValidatorCoreInvalidSchema.schema.json; sourceTree = "<group>"; };
		CBBECE6218587AFD0099C65F /* TFJSONSchemaValidatorCoreInvalidSchemaData.json */ = {isa = PBXFileReference; fileEncoding = 4; lastKnownFileType = text.json; path = TFJSONSchemaValidatorCoreInvalidSchemaData.json; sourceTree = "<group>"; };
		CBC01BE51857298A009DB9A3 /* TFJSONSchemaValidatorUseCaseTests.m */ = {isa = PBXFileReference; fileEncoding = 4; lastKnownFileType = sourcecode.c.objc; path = TFJSONSchemaValidatorUseCaseTests.m; sourceTree = "<group>"; };
		CBC01BE7185729EC009DB9A3 /* testDefinitionsWithTypesFailSchema.schema.json */ = {isa = PBXFileReference; fileEncoding = 4; lastKnownFileType = text.json; path = testDefinitionsWithTypesFailSchema.schema.json; sourceTree = "<group>"; };
		CBC01BE918572ABD009DB9A3 /* testDefinitionsWithTypesFailData.json */ = {isa = PBXFileReference; fileEncoding = 4; lastKnownFileType = text.json; path = testDefinitionsWithTypesFailData.json; sourceTree = "<group>"; };
		CBC15E9E184F349D00638B84 /* json-schema-validator.app */ = {isa = PBXFileReference; explicitFileType = wrapper.application; includeInIndex = 0; path = "json-schema-validator.app"; sourceTree = BUILT_PRODUCTS_DIR; };
		CBC15EA1184F349D00638B84 /* Foundation.framework */ = {isa = PBXFileReference; lastKnownFileType = wrapper.framework; name = Foundation.framework; path = System/Library/Frameworks/Foundation.framework; sourceTree = SDKROOT; };
		CBC15EA3184F349D00638B84 /* CoreGraphics.framework */ = {isa = PBXFileReference; lastKnownFileType = wrapper.framework; name = CoreGraphics.framework; path = System/Library/Frameworks/CoreGraphics.framework; sourceTree = SDKROOT; };
		CBC15EA5184F349D00638B84 /* UIKit.framework */ = {isa = PBXFileReference; lastKnownFileType = wrapper.framework; name = UIKit.framework; path = System/Library/Frameworks/UIKit.framework; sourceTree = SDKROOT; };
		CBC15EA9184F349D00638B84 /* json-schema-validator-Info.plist */ = {isa = PBXFileReference; lastKnownFileType = text.plist.xml; path = "json-schema-validator-Info.plist"; sourceTree = "<group>"; };
		CBC15EAB184F349D00638B84 /* en */ = {isa = PBXFileReference; lastKnownFileType = text.plist.strings; name = en; path = en.lproj/InfoPlist.strings; sourceTree = "<group>"; };
		CBC15EAD184F349D00638B84 /* main.m */ = {isa = PBXFileReference; lastKnownFileType = sourcecode.c.objc; path = main.m; sourceTree = "<group>"; };
		CBC15EAF184F349D00638B84 /* json-schema-validator-Prefix.pch */ = {isa = PBXFileReference; lastKnownFileType = sourcecode.c.h; path = "json-schema-validator-Prefix.pch"; sourceTree = "<group>"; };
		CBC15EB0184F349D00638B84 /* TFAppDelegate.h */ = {isa = PBXFileReference; lastKnownFileType = sourcecode.c.h; path = TFAppDelegate.h; sourceTree = "<group>"; };
		CBC15EB1184F349D00638B84 /* TFAppDelegate.m */ = {isa = PBXFileReference; lastKnownFileType = sourcecode.c.objc; path = TFAppDelegate.m; sourceTree = "<group>"; };
		CBC15EB3184F349D00638B84 /* Images.xcassets */ = {isa = PBXFileReference; lastKnownFileType = folder.assetcatalog; path = Images.xcassets; sourceTree = "<group>"; };
		CBC15EB9184F349D00638B84 /* json-schema-validatorTests.xctest */ = {isa = PBXFileReference; explicitFileType = wrapper.cfbundle; includeInIndex = 0; path = "json-schema-validatorTests.xctest"; sourceTree = BUILT_PRODUCTS_DIR; };
		CBC15EBA184F349D00638B84 /* XCTest.framework */ = {isa = PBXFileReference; lastKnownFileType = wrapper.framework; name = XCTest.framework; path = Library/Frameworks/XCTest.framework; sourceTree = DEVELOPER_DIR; };
		CBC15EC2184F349D00638B84 /* json-schema-validatorTests-Info.plist */ = {isa = PBXFileReference; lastKnownFileType = text.plist.xml; path = "json-schema-validatorTests-Info.plist"; sourceTree = "<group>"; };
		CBC15EC4184F349D00638B84 /* en */ = {isa = PBXFileReference; lastKnownFileType = text.plist.strings; name = en; path = en.lproj/InfoPlist.strings; sourceTree = "<group>"; };
		CBC15ED1184F35AA00638B84 /* TFJSONSchemaValidator.h */ = {isa = PBXFileReference; fileEncoding = 4; lastKnownFileType = sourcecode.c.h; path = TFJSONSchemaValidator.h; sourceTree = "<group>"; };
		CBC15ED2184F35AA00638B84 /* TFJSONSchemaValidator.m */ = {isa = PBXFileReference; fileEncoding = 4; lastKnownFileType = sourcecode.c.objc; path = TFJSONSchemaValidator.m; sourceTree = "<group>"; };
		CBC15ED8184F4AF300638B84 /* TFJSONSchemaValidatorCoreTests.m */ = {isa = PBXFileReference; fileEncoding = 4; lastKnownFileType = sourcecode.c.objc; path = TFJSONSchemaValidatorCoreTests.m; sourceTree = "<group>"; };
		CBC15EDA184F4D8000638B84 /* TFJSONSchemaValidatorStringTests.m */ = {isa = PBXFileReference; fileEncoding = 4; lastKnownFileType = sourcecode.c.objc; path = TFJSONSchemaValidatorStringTests.m; sourceTree = "<group>"; };
		CBCB191C1851D6EB00F6BB6D /* TFJSONSchemaValidatorDefinitionsTests.m */ = {isa = PBXFileReference; fileEncoding = 4; lastKnownFileType = sourcecode.c.objc; path = TFJSONSchemaValidatorDefinitionsTests.m; sourceTree = "<group>"; };
		CBCB191E1851DA4400F6BB6D /* TFJSONSchemaValidatorDefinitionsTests.schema.json */ = {isa = PBXFileReference; fileEncoding = 4; lastKnownFileType = text.json; path = TFJSONSchemaValidatorDefinitionsTests.schema.json; sourceTree = "<group>"; };
		CBCB19201851EDD400F6BB6D /* TFJSONSchemaValidatorAbstractTests.m */ = {isa = PBXFileReference; fileEncoding = 4; lastKnownFileType = sourcecode.c.objc; path = TFJSONSchemaValidatorAbstractTests.m; sourceTree = "<group>"; };
		CBCB19221851EF4000F6BB6D /* TFJSONSchemaValidatorAbstractTests.h */ = {isa = PBXFileReference; lastKnownFileType = sourcecode.c.h; path = TFJSONSchemaValidatorAbstractTests.h; sourceTree = "<group>"; };
		CBE4E7EB1864398D00AE3B8E /* TFJSONSchemaValidatorCoreTests.schema.json */ = {isa = PBXFileReference; fileEncoding = 4; lastKnownFileType = text.json; path = TFJSONSchemaValidatorCoreTests.schema.json; sourceTree = "<group>"; };
		CBFAB3B1185061CD00E5AD12 /* TFJSONSchemaValidatorArrayTests.m */ = {isa = PBXFileReference; fileEncoding = 4; lastKnownFileType = sourcecode.c.objc; path = TFJSONSchemaValidatorArrayTests.m; sourceTree = "<group>"; };
		CBFAB3B31850632E00E5AD12 /* TFJSONSchemaValidatorArrayTests.schema.json */ = {isa = PBXFileReference; fileEncoding = 4; lastKnownFileType = text.json; path = TFJSONSchemaValidatorArrayTests.schema.json; sourceTree = "<group>"; };
/* End PBXFileReference section */

/* Begin PBXFrameworksBuildPhase section */
		CBC15E9B184F349D00638B84 /* Frameworks */ = {
			isa = PBXFrameworksBuildPhase;
			buildActionMask = 2147483647;
			files = (
				CBC15EA4184F349D00638B84 /* CoreGraphics.framework in Frameworks */,
				CBC15EA6184F349D00638B84 /* UIKit.framework in Frameworks */,
				CBC15EA2184F349D00638B84 /* Foundation.framework in Frameworks */,
			);
			runOnlyForDeploymentPostprocessing = 0;
		};
		CBC15EB6184F349D00638B84 /* Frameworks */ = {
			isa = PBXFrameworksBuildPhase;
			buildActionMask = 2147483647;
			files = (
				CBC15EBB184F349D00638B84 /* XCTest.framework in Frameworks */,
				CBC15EBD184F349D00638B84 /* UIKit.framework in Frameworks */,
				CBC15EBC184F349D00638B84 /* Foundation.framework in Frameworks */,
			);
			runOnlyForDeploymentPostprocessing = 0;
		};
/* End PBXFrameworksBuildPhase section */

/* Begin PBXGroup section */
		CB37573418586D5500DCCC79 /* Resources */ = {
			isa = PBXGroup;
			children = (
				CB37573518586D5500DCCC79 /* validator_schema.json */,
			);
			path = Resources;
			sourceTree = "<group>";
		};
		CBC15E95184F349D00638B84 = {
			isa = PBXGroup;
			children = (
				CBC15EA7184F349D00638B84 /* json-schema-validator */,
				CBC15EC0184F349D00638B84 /* json-schema-validatorTests */,
				CBC15EA0184F349D00638B84 /* Frameworks */,
				CBC15E9F184F349D00638B84 /* Products */,
			);
			sourceTree = "<group>";
		};
		CBC15E9F184F349D00638B84 /* Products */ = {
			isa = PBXGroup;
			children = (
				CBC15E9E184F349D00638B84 /* json-schema-validator.app */,
				CBC15EB9184F349D00638B84 /* json-schema-validatorTests.xctest */,
			);
			name = Products;
			sourceTree = "<group>";
		};
		CBC15EA0184F349D00638B84 /* Frameworks */ = {
			isa = PBXGroup;
			children = (
				CBC15EA1184F349D00638B84 /* Foundation.framework */,
				CBC15EA3184F349D00638B84 /* CoreGraphics.framework */,
				CBC15EA5184F349D00638B84 /* UIKit.framework */,
				CBC15EBA184F349D00638B84 /* XCTest.framework */,
			);
			name = Frameworks;
			sourceTree = "<group>";
		};
		CBC15EA7184F349D00638B84 /* json-schema-validator */ = {
			isa = PBXGroup;
			children = (
				CB37573418586D5500DCCC79 /* Resources */,
				CBC15ED0184F357700638B84 /* Classes */,
				CBC15EB0184F349D00638B84 /* TFAppDelegate.h */,
				CBC15EB1184F349D00638B84 /* TFAppDelegate.m */,
				CBC15EB3184F349D00638B84 /* Images.xcassets */,
				CBC15EA8184F349D00638B84 /* Supporting Files */,
			);
			path = "json-schema-validator";
			sourceTree = "<group>";
		};
		CBC15EA8184F349D00638B84 /* Supporting Files */ = {
			isa = PBXGroup;
			children = (
				CBC15EA9184F349D00638B84 /* json-schema-validator-Info.plist */,
				CBC15EAA184F349D00638B84 /* InfoPlist.strings */,
				CBC15EAD184F349D00638B84 /* main.m */,
				CBC15EAF184F349D00638B84 /* json-schema-validator-Prefix.pch */,
			);
			name = "Supporting Files";
			sourceTree = "<group>";
		};
		CBC15EC0184F349D00638B84 /* json-schema-validatorTests */ = {
			isa = PBXGroup;
			children = (
				CBC15EC1184F349D00638B84 /* Supporting Files */,
				CBCB19221851EF4000F6BB6D /* TFJSONSchemaValidatorAbstractTests.h */,
				CBCB19201851EDD400F6BB6D /* TFJSONSchemaValidatorAbstractTests.m */,
				CBFAB3B31850632E00E5AD12 /* TFJSONSchemaValidatorArrayTests.schema.json */,
				CBFAB3B1185061CD00E5AD12 /* TFJSONSchemaValidatorArrayTests.m */,
				CBC15ED8184F4AF300638B84 /* TFJSONSchemaValidatorCoreTests.m */,
				CBE4E7EB1864398D00AE3B8E /* TFJSONSchemaValidatorCoreTests.schema.json */,
				CBBECE60185878990099C65F /* TFJSONSchemaValidatorCoreInvalidSchema.schema.json */,
				CBBECE6218587AFD0099C65F /* TFJSONSchemaValidatorCoreInvalidSchemaData.json */,
				CBCB191C1851D6EB00F6BB6D /* TFJSONSchemaValidatorDefinitionsTests.m */,
				CBA089751855D38B00FF9DC4 /* TFJSONSchemaValidatorDefinitionsBundleTests.schema.json */,
				CBCB191E1851DA4400F6BB6D /* TFJSONSchemaValidatorDefinitionsTests.schema.json */,
				CB5B7B36184F7A590012684D /* TFJSONSchemaValidatorNumbericTests.m */,
				CB5B7B38184F7AAB0012684D /* TFJSONSchemaValidatorNumberTests.schema.json */,
				CB5B7B34184F740C0012684D /* TFJSONSchemaValidatorObjectTests.schema.json */,
				CB5B7B2D184F6F370012684D /* TFJSONSchemaValidatorObjectTests.m */,
				CB80BE5418584775005562A8 /* TFJSONSchemaValidatorSetsTests.m */,
				CB80BE56185847C8005562A8 /* TFJSONSchemaValidatorSetsTests.schema.json */,
				CBC15EDA184F4D8000638B84 /* TFJSONSchemaValidatorStringTests.m */,
				CB5B7B32184F71EC0012684D /* TFJSONSchemaValidatorStringTests.schema.json */,
				CBC01BE51857298A009DB9A3 /* TFJSONSchemaValidatorUseCaseTests.m */,
				CBC01BE918572ABD009DB9A3 /* testDefinitionsWithTypesFailData.json */,
				CBC01BE7185729EC009DB9A3 /* testDefinitionsWithTypesFailSchema.schema.json */,
			);
			path = "json-schema-validatorTests";
			sourceTree = "<group>";
		};
		CBC15EC1184F349D00638B84 /* Supporting Files */ = {
			isa = PBXGroup;
			children = (
				CBC15EC2184F349D00638B84 /* json-schema-validatorTests-Info.plist */,
				CBC15EC3184F349D00638B84 /* InfoPlist.strings */,
			);
			name = "Supporting Files";
			sourceTree = "<group>";
		};
		CBC15ED0184F357700638B84 /* Classes */ = {
			isa = PBXGroup;
			children = (
				CBC15ED1184F35AA00638B84 /* TFJSONSchemaValidator.h */,
				CBC15ED2184F35AA00638B84 /* TFJSONSchemaValidator.m */,
			);
			path = Classes;
			sourceTree = "<group>";
		};
/* End PBXGroup section */

/* Begin PBXNativeTarget section */
		CBC15E9D184F349D00638B84 /* json-schema-validator */ = {
			isa = PBXNativeTarget;
			buildConfigurationList = CBC15ECA184F349D00638B84 /* Build configuration list for PBXNativeTarget "json-schema-validator" */;
			buildPhases = (
				CBC15E9A184F349D00638B84 /* Sources */,
				CBC15E9B184F349D00638B84 /* Frameworks */,
				CBC15E9C184F349D00638B84 /* Resources */,
			);
			buildRules = (
			);
			dependencies = (
			);
			name = "json-schema-validator";
			productName = "json-schema-validator";
			productReference = CBC15E9E184F349D00638B84 /* json-schema-validator.app */;
			productType = "com.apple.product-type.application";
		};
		CBC15EB8184F349D00638B84 /* json-schema-validatorTests */ = {
			isa = PBXNativeTarget;
			buildConfigurationList = CBC15ECD184F349D00638B84 /* Build configuration list for PBXNativeTarget "json-schema-validatorTests" */;
			buildPhases = (
				CBC15EB5184F349D00638B84 /* Sources */,
				CBC15EB6184F349D00638B84 /* Frameworks */,
				CBC15EB7184F349D00638B84 /* Resources */,
			);
			buildRules = (
			);
			dependencies = (
				CBC15EBF184F349D00638B84 /* PBXTargetDependency */,
			);
			name = "json-schema-validatorTests";
			productName = "json-schema-validatorTests";
			productReference = CBC15EB9184F349D00638B84 /* json-schema-validatorTests.xctest */;
			productType = "com.apple.product-type.bundle.unit-test";
		};
/* End PBXNativeTarget section */

/* Begin PBXProject section */
		CBC15E96184F349D00638B84 /* Project object */ = {
			isa = PBXProject;
			attributes = {
				CLASSPREFIX = TF;
				LastUpgradeCheck = 0720;
				ORGANIZATIONNAME = Trifork;
				TargetAttributes = {
					CBC15EB8184F349D00638B84 = {
						TestTargetID = CBC15E9D184F349D00638B84;
					};
				};
			};
			buildConfigurationList = CBC15E99184F349D00638B84 /* Build configuration list for PBXProject "json-schema-validator" */;
			compatibilityVersion = "Xcode 3.2";
			developmentRegion = English;
			hasScannedForEncodings = 0;
			knownRegions = (
				en,
			);
			mainGroup = CBC15E95184F349D00638B84;
			productRefGroup = CBC15E9F184F349D00638B84 /* Products */;
			projectDirPath = "";
			projectRoot = "";
			targets = (
				CBC15E9D184F349D00638B84 /* json-schema-validator */,
				CBC15EB8184F349D00638B84 /* json-schema-validatorTests */,
			);
		};
/* End PBXProject section */

/* Begin PBXResourcesBuildPhase section */
		CBC15E9C184F349D00638B84 /* Resources */ = {
			isa = PBXResourcesBuildPhase;
			buildActionMask = 2147483647;
			files = (
				CBC15EAC184F349D00638B84 /* InfoPlist.strings in Resources */,
				CB37573618586D5500DCCC79 /* validator_schema.json in Resources */,
				CBC15EB4184F349D00638B84 /* Images.xcassets in Resources */,
			);
			runOnlyForDeploymentPostprocessing = 0;
		};
		CBC15EB7184F349D00638B84 /* Resources */ = {
			isa = PBXResourcesBuildPhase;
			buildActionMask = 2147483647;
			files = (
				CBA089761855D38B00FF9DC4 /* TFJSONSchemaValidatorDefinitionsBundleTests.schema.json in Resources */,
				CBFAB3B41850632E00E5AD12 /* TFJSONSchemaValidatorArrayTests.schema.json in Resources */,
				CBBECE6318587AFD0099C65F /* TFJSONSchemaValidatorCoreInvalidSchemaData.json in Resources */,
				CBC01BEA18572ABD009DB9A3 /* testDefinitionsWithTypesFailData.json in Resources */,
				CB5B7B39184F7AAB0012684D /* TFJSONSchemaValidatorNumberTests.schema.json in Resources */,
				CB80BE57185847C8005562A8 /* TFJSONSchemaValidatorSetsTests.schema.json in Resources */,
				CBCB191F1851DA4400F6BB6D /* TFJSONSchemaValidatorDefinitionsTests.schema.json in Resources */,
				CB37573718586D5500DCCC79 /* validator_schema.json in Resources */,
				CB5B7B35184F740C0012684D /* TFJSONSchemaValidatorObjectTests.schema.json in Resources */,
				CBC01BE8185729EC009DB9A3 /* testDefinitionsWithTypesFailSchema.schema.json in Resources */,
				CBE4E7EC1864398D00AE3B8E /* TFJSONSchemaValidatorCoreTests.schema.json in Resources */,
				CB5B7B33184F71EC0012684D /* TFJSONSchemaValidatorStringTests.schema.json in Resources */,
				CBC15EC5184F349D00638B84 /* InfoPlist.strings in Resources */,
				CBBECE61185878990099C65F /* TFJSONSchemaValidatorCoreInvalidSchema.schema.json in Resources */,
			);
			runOnlyForDeploymentPostprocessing = 0;
		};
/* End PBXResourcesBuildPhase section */

/* Begin PBXSourcesBuildPhase section */
		CBC15E9A184F349D00638B84 /* Sources */ = {
			isa = PBXSourcesBuildPhase;
			buildActionMask = 2147483647;
			files = (
				CBC15ED3184F35AA00638B84 /* TFJSONSchemaValidator.m in Sources */,
				CBC15EB2184F349D00638B84 /* TFAppDelegate.m in Sources */,
				CBC15EAE184F349D00638B84 /* main.m in Sources */,
			);
			runOnlyForDeploymentPostprocessing = 0;
		};
		CBC15EB5184F349D00638B84 /* Sources */ = {
			isa = PBXSourcesBuildPhase;
			buildActionMask = 2147483647;
			files = (
				CB80BE5518584775005562A8 /* TFJSONSchemaValidatorSetsTests.m in Sources */,
				CB5B7B37184F7A590012684D /* TFJSONSchemaValidatorNumbericTests.m in Sources */,
				CBCB19211851EDD400F6BB6D /* TFJSONSchemaValidatorAbstractTests.m in Sources */,
				CBC15ED9184F4AF300638B84 /* TFJSONSchemaValidatorCoreTests.m in Sources */,
				CBC15EDB184F4D8000638B84 /* TFJSONSchemaValidatorStringTests.m in Sources */,
				CBCB191D1851D6EB00F6BB6D /* TFJSONSchemaValidatorDefinitionsTests.m in Sources */,
				CBFAB3B2185061CD00E5AD12 /* TFJSONSchemaValidatorArrayTests.m in Sources */,
				CBC01BE61857298A009DB9A3 /* TFJSONSchemaValidatorUseCaseTests.m in Sources */,
				CB5B7B2E184F6F370012684D /* TFJSONSchemaValidatorObjectTests.m in Sources */,
				CBC15ED4184F35AA00638B84 /* TFJSONSchemaValidator.m in Sources */,
			);
			runOnlyForDeploymentPostprocessing = 0;
		};
/* End PBXSourcesBuildPhase section */

/* Begin PBXTargetDependency section */
		CBC15EBF184F349D00638B84 /* PBXTargetDependency */ = {
			isa = PBXTargetDependency;
			target = CBC15E9D184F349D00638B84 /* json-schema-validator */;
			targetProxy = CBC15EBE184F349D00638B84 /* PBXContainerItemProxy */;
		};
/* End PBXTargetDependency section */

/* Begin PBXVariantGroup section */
		CBC15EAA184F349D00638B84 /* InfoPlist.strings */ = {
			isa = PBXVariantGroup;
			children = (
				CBC15EAB184F349D00638B84 /* en */,
			);
			name = InfoPlist.strings;
			sourceTree = "<group>";
		};
		CBC15EC3184F349D00638B84 /* InfoPlist.strings */ = {
			isa = PBXVariantGroup;
			children = (
				CBC15EC4184F349D00638B84 /* en */,
			);
			name = InfoPlist.strings;
			sourceTree = "<group>";
		};
/* End PBXVariantGroup section */

/* Begin XCBuildConfiguration section */
		CBC15EC8184F349D00638B84 /* Debug */ = {
			isa = XCBuildConfiguration;
			buildSettings = {
				ALWAYS_SEARCH_USER_PATHS = NO;
				CLANG_CXX_LANGUAGE_STANDARD = "gnu++0x";
				CLANG_CXX_LIBRARY = "libc++";
				CLANG_ENABLE_MODULES = YES;
				CLANG_ENABLE_OBJC_ARC = YES;
				CLANG_WARN_BOOL_CONVERSION = YES;
				CLANG_WARN_CONSTANT_CONVERSION = YES;
				CLANG_WARN_DIRECT_OBJC_ISA_USAGE = YES_ERROR;
				CLANG_WARN_EMPTY_BODY = YES;
				CLANG_WARN_ENUM_CONVERSION = YES;
				CLANG_WARN_INT_CONVERSION = YES;
				CLANG_WARN_OBJC_ROOT_CLASS = YES_ERROR;
				CLANG_WARN_SUSPICIOUS_IMPLICIT_CONVERSION = YES;
				CLANG_WARN__DUPLICATE_METHOD_MATCH = YES;
				"CODE_SIGN_IDENTITY[sdk=iphoneos*]" = "iPhone Developer";
				COPY_PHASE_STRIP = NO;
				ENABLE_TESTABILITY = YES;
				GCC_C_LANGUAGE_STANDARD = gnu99;
				GCC_DYNAMIC_NO_PIC = NO;
				GCC_OPTIMIZATION_LEVEL = 0;
				GCC_PREPROCESSOR_DEFINITIONS = (
					"DEBUG=1",
					"$(inherited)",
				);
				GCC_SYMBOLS_PRIVATE_EXTERN = NO;
				GCC_WARN_64_TO_32_BIT_CONVERSION = YES;
				GCC_WARN_ABOUT_RETURN_TYPE = YES_ERROR;
				GCC_WARN_UNDECLARED_SELECTOR = YES;
				GCC_WARN_UNINITIALIZED_AUTOS = YES;
				GCC_WARN_UNUSED_FUNCTION = YES;
				GCC_WARN_UNUSED_VARIABLE = YES;
				IPHONEOS_DEPLOYMENT_TARGET = 7.0;
				ONLY_ACTIVE_ARCH = YES;
				SDKROOT = iphoneos;
				TARGETED_DEVICE_FAMILY = "1,2";
			};
			name = Debug;
		};
		CBC15EC9184F349D00638B84 /* Release */ = {
			isa = XCBuildConfiguration;
			buildSettings = {
				ALWAYS_SEARCH_USER_PATHS = NO;
				CLANG_CXX_LANGUAGE_STANDARD = "gnu++0x";
				CLANG_CXX_LIBRARY = "libc++";
				CLANG_ENABLE_MODULES = YES;
				CLANG_ENABLE_OBJC_ARC = YES;
				CLANG_WARN_BOOL_CONVERSION = YES;
				CLANG_WARN_CONSTANT_CONVERSION = YES;
				CLANG_WARN_DIRECT_OBJC_ISA_USAGE = YES_ERROR;
				CLANG_WARN_EMPTY_BODY = YES;
				CLANG_WARN_ENUM_CONVERSION = YES;
				CLANG_WARN_INT_CONVERSION = YES;
				CLANG_WARN_OBJC_ROOT_CLASS = YES_ERROR;
				CLANG_WARN_SUSPICIOUS_IMPLICIT_CONVERSION = YES;
				CLANG_WARN__DUPLICATE_METHOD_MATCH = YES;
				"CODE_SIGN_IDENTITY[sdk=iphoneos*]" = "iPhone Developer";
				COPY_PHASE_STRIP = YES;
				ENABLE_NS_ASSERTIONS = NO;
				GCC_C_LANGUAGE_STANDARD = gnu99;
				GCC_WARN_64_TO_32_BIT_CONVERSION = YES;
				GCC_WARN_ABOUT_RETURN_TYPE = YES_ERROR;
				GCC_WARN_UNDECLARED_SELECTOR = YES;
				GCC_WARN_UNINITIALIZED_AUTOS = YES;
				GCC_WARN_UNUSED_FUNCTION = YES;
				GCC_WARN_UNUSED_VARIABLE = YES;
				IPHONEOS_DEPLOYMENT_TARGET = 7.0;
				SDKROOT = iphoneos;
				TARGETED_DEVICE_FAMILY = "1,2";
				VALIDATE_PRODUCT = YES;
			};
			name = Release;
		};
		CBC15ECB184F349D00638B84 /* Debug */ = {
			isa = XCBuildConfiguration;
			buildSettings = {
				ASSETCATALOG_COMPILER_APPICON_NAME = AppIcon;
				ASSETCATALOG_COMPILER_LAUNCHIMAGE_NAME = LaunchImage;
				GCC_PRECOMPILE_PREFIX_HEADER = YES;
				GCC_PREFIX_HEADER = "json-schema-validator/json-schema-validator-Prefix.pch";
				INFOPLIST_FILE = "json-schema-validator/json-schema-validator-Info.plist";
				PRODUCT_BUNDLE_IDENTIFIER = "com.trifork.${PRODUCT_NAME:rfc1034identifier}";
				PRODUCT_NAME = "$(TARGET_NAME)";
				WRAPPER_EXTENSION = app;
			};
			name = Debug;
		};
		CBC15ECC184F349D00638B84 /* Release */ = {
			isa = XCBuildConfiguration;
			buildSettings = {
				ASSETCATALOG_COMPILER_APPICON_NAME = AppIcon;
				ASSETCATALOG_COMPILER_LAUNCHIMAGE_NAME = LaunchImage;
				GCC_PRECOMPILE_PREFIX_HEADER = YES;
				GCC_PREFIX_HEADER = "json-schema-validator/json-schema-validator-Prefix.pch";
				INFOPLIST_FILE = "json-schema-validator/json-schema-validator-Info.plist";
				PRODUCT_BUNDLE_IDENTIFIER = "com.trifork.${PRODUCT_NAME:rfc1034identifier}";
				PRODUCT_NAME = "$(TARGET_NAME)";
				WRAPPER_EXTENSION = app;
			};
			name = Release;
		};
		CBC15ECE184F349D00638B84 /* Debug */ = {
			isa = XCBuildConfiguration;
			buildSettings = {
				BUNDLE_LOADER = "$(BUILT_PRODUCTS_DIR)/json-schema-validator.app/json-schema-validator";
				FRAMEWORK_SEARCH_PATHS = (
					"$(SDKROOT)/Developer/Library/Frameworks",
					"$(inherited)",
					"$(DEVELOPER_FRAMEWORKS_DIR)",
				);
				GCC_PRECOMPILE_PREFIX_HEADER = YES;
				GCC_PREFIX_HEADER = "json-schema-validator/json-schema-validator-Prefix.pch";
				GCC_PREPROCESSOR_DEFINITIONS = (
					"DEBUG=1",
					"$(inherited)",
				);
				INFOPLIST_FILE = "json-schema-validatorTests/json-schema-validatorTests-Info.plist";
				PRODUCT_BUNDLE_IDENTIFIER = "com.trifork.${PRODUCT_NAME:rfc1034identifier}";
				PRODUCT_NAME = "$(TARGET_NAME)";
				TEST_HOST = "$(BUNDLE_LOADER)";
				WRAPPER_EXTENSION = xctest;
			};
			name = Debug;
		};
		CBC15ECF184F349D00638B84 /* Release */ = {
			isa = XCBuildConfiguration;
			buildSettings = {
				BUNDLE_LOADER = "$(BUILT_PRODUCTS_DIR)/json-schema-validator.app/json-schema-validator";
				FRAMEWORK_SEARCH_PATHS = (
					"$(SDKROOT)/Developer/Library/Frameworks",
					"$(inherited)",
					"$(DEVELOPER_FRAMEWORKS_DIR)",
				);
				GCC_PRECOMPILE_PREFIX_HEADER = YES;
				GCC_PREFIX_HEADER = "json-schema-validator/json-schema-validator-Prefix.pch";
				INFOPLIST_FILE = "json-schema-validatorTests/json-schema-validatorTests-Info.plist";
				PRODUCT_BUNDLE_IDENTIFIER = "com.trifork.${PRODUCT_NAME:rfc1034identifier}";
				PRODUCT_NAME = "$(TARGET_NAME)";
				TEST_HOST = "$(BUNDLE_LOADER)";
				WRAPPER_EXTENSION = xctest;
			};
			name = Release;
		};
/* End XCBuildConfiguration section */

/* Begin XCConfigurationList section */
		CBC15E99184F349D00638B84 /* Build configuration list for PBXProject "json-schema-validator" */ = {
			isa = XCConfigurationList;
			buildConfigurations = (
				CBC15EC8184F349D00638B84 /* Debug */,
				CBC15EC9184F349D00638B84 /* Release */,
			);
			defaultConfigurationIsVisible = 0;
			defaultConfigurationName = Release;
		};
		CBC15ECA184F349D00638B84 /* Build configuration list for PBXNativeTarget "json-schema-validator" */ = {
			isa = XCConfigurationList;
			buildConfigurations = (
				CBC15ECB184F349D00638B84 /* Debug */,
				CBC15ECC184F349D00638B84 /* Release */,
			);
			defaultConfigurationIsVisible = 0;
			defaultConfigurationName = Release;
		};
		CBC15ECD184F349D00638B84 /* Build configuration list for PBXNativeTarget "json-schema-validatorTests" */ = {
			isa = XCConfigurationList;
			buildConfigurations = (
				CBC15ECE184F349D00638B84 /* Debug */,
				CBC15ECF184F349D00638B84 /* Release */,
			);
			defaultConfigurationIsVisible = 0;
			defaultConfigurationName = Release;
		};
/* End XCConfigurationList section */
	};
	rootObject = CBC15E96184F349D00638B84 /* Project object */;
}
